
Microsoft Visual Studio Solution File, Format Version 12.00
# Visual Studio 15
VisualStudioVersion = 15.0.28307.421
MinimumVisualStudioVersion = 10.0.40219.1
Project("{FAE04EC0-301F-11D3-BF4B-00C04F79EFBC}") = "Reminder", "Reminder\Reminder.csproj", "{0367372C-6489-49C7-8E92-41728F95DDB5}"
EndProject
Project("{54435603-DBB4-11D2-8724-00A0C9A8B90C}") = "ReminderSetup", "ReminderSetup\ReminderSetup.vdproj", "{A7C960D1-86C2-4721-B447-5BC6F155AA2A}"
EndProject
Global
	GlobalSection(SolutionConfigurationPlatforms) = preSolution
		Debug|Any CPU = Debug|Any CPU
		Release|Any CPU = Release|Any CPU
	EndGlobalSection
	GlobalSection(ProjectConfigurationPlatforms) = postSolution
		{0367372C-6489-49C7-8E92-41728F95DDB5}.Debug|Any CPU.ActiveCfg = Debug|Any CPU
		{0367372C-6489-49C7-8E92-41728F95DDB5}.Debug|Any CPU.Build.0 = Debug|Any CPU
		{0367372C-6489-49C7-8E92-41728F95DDB5}.Release|Any CPU.ActiveCfg = Release|Any CPU
		{0367372C-6489-49C7-8E92-41728F95DDB5}.Release|Any CPU.Build.0 = Release|Any CPU
		{A7C960D1-86C2-4721-B447-5BC6F155AA2A}.Debug|Any CPU.ActiveCfg = Debug
		{A7C960D1-86C2-4721-B447-5BC6F155AA2A}.Release|Any CPU.ActiveCfg = Release
	EndGlobalSection
	GlobalSection(SolutionProperties) = preSolution
		HideSolutionNode = FALSE
	EndGlobalSection
	GlobalSection(ExtensibilityGlobals) = postSolution
		SolutionGuid = {DA1FE5D6-3D28-484D-A57F-B8087FE10603}
	EndGlobalSection
EndGlobal
